PODS:
  - BearSkill (0.2.0)
  - CRAnimation (0.1.0):
    - BearSkill
    - CRAnimation/Widget (= 0.1.0)
  - CRAnimation/Widget (0.1.0):
    - BearSkill
    - CRAnimation/Widget/CRCardAnimationView (= 0.1.0)
    - CRAnimation/Widget/CRImageGradientView (= 0.1.0)
  - CRAnimation/Widget/CRCardAnimationView (0.1.0):
    - BearSkill
  - CRAnimation/Widget/CRImageGradientView (0.1.0):
    - BearSkill

DEPENDENCIES:
  - BearSkill (from `git@github.com:BearRan/BearSkill.git`)
  - CRAnimation (from `git@github.com:BearRan/CRAnimation.git`)

EXTERNAL SOURCES:
  BearSkill:
    :git: git@github.com:BearRan/BearSkill.git
  CRAnimation:
    :git: git@github.com:BearRan/CRAnimation.git

CHECKOUT OPTIONS:
  BearSkill:
    :commit: cbc13530bb127061f3c415f896f08ac77984e438
    :git: git@github.com:BearRan/BearSkill.git
  CRAnimation:
    :commit: dfdb76411398345c32c665ca261c2290cd8ecb0a
    :git: git@github.com:BearRan/CRAnimation.git

SPEC CHECKSUMS:
  BearSkill: 180b4d49cfae7466f65402eabcdb8d5a28665314
  CRAnimation: e89a3f36c852bb5fcae7e0d7a203bfc847c95bc8

PODFILE CHECKSUM: 77fb9e4fd85873959fcc206dbde3d9fa97e0d8c5

COCOAPODS: 1.1.0.rc.2
