// !$*UTF8*$!
{
	archiveVersion = 1;
	classes = {
	};
	objectVersion = 46;
	objects = {

/* Begin PBXBuildFile section */
		049DCF99E5C532A672904891 /* libPods-MusicWidgetAnimation.a in Frameworks */ = {isa = PBXBuildFile; fileRef = 0A112AC034950FC001497B73 /* libPods-MusicWidgetAnimation.a */; };
		090DA0201CDE0EF90017D3F0 /* main.m in Sources */ = {isa = PBXBuildFile; fileRef = 090DA01F1CDE0EF90017D3F0 /* main.m */; };
		090DA0231CDE0EF90017D3F0 /* AppDelegate.m in Sources */ = {isa = PBXBuildFile; fileRef = 090DA0221CDE0EF90017D3F0 /* AppDelegate.m */; };
		090DA0261CDE0EF90017D3F0 /* ViewController.m in Sources */ = {isa = PBXBuildFile; fileRef = 090DA0251CDE0EF90017D3F0 /* ViewController.m */; };
		090DA0291CDE0EF90017D3F0 /* Main.storyboard in Resources */ = {isa = PBXBuildFile; fileRef = 090DA0271CDE0EF90017D3F0 /* Main.storyboard */; };
		090DA02B1CDE0EF90017D3F0 /* Assets.xcassets in Resources */ = {isa = PBXBuildFile; fileRef = 090DA02A1CDE0EF90017D3F0 /* Assets.xcassets */; };
		090DA02E1CDE0EF90017D3F0 /* LaunchScreen.storyboard in Resources */ = {isa = PBXBuildFile; fileRef = 090DA02C1CDE0EF90017D3F0 /* LaunchScreen.storyboard */; };
		090DA0391CDE0EF90017D3F0 /* MusicWidgetAnimationTests.m in Sources */ = {isa = PBXBuildFile; fileRef = 090DA0381CDE0EF90017D3F0 /* MusicWidgetAnimationTests.m */; };
		090DA0441CDE0EF90017D3F0 /* MusicWidgetAnimationUITests.m in Sources */ = {isa = PBXBuildFile; fileRef = 090DA0431CDE0EF90017D3F0 /* MusicWidgetAnimationUITests.m */; };
		090DA0561CDE13E90017D3F0 /* CardAnimationView.m in Sources */ = {isa = PBXBuildFile; fileRef = 090DA0551CDE13E90017D3F0 /* CardAnimationView.m */; };
		092CB0151CF9CD2900827977 /* CardViewCell.m in Sources */ = {isa = PBXBuildFile; fileRef = 092CB0141CF9CD2900827977 /* CardViewCell.m */; };
		093F4A961CE4A49D00DE4875 /* CardViewBack.m in Sources */ = {isa = PBXBuildFile; fileRef = 093F4A951CE4A49C00DE4875 /* CardViewBack.m */; };
		097A85B01CFDD7D10082FA05 /* MyCardView.m in Sources */ = {isa = PBXBuildFile; fileRef = 097A85AF1CFDD7D10082FA05 /* MyCardView.m */; };
		097A85B31CFDDD510082FA05 /* CardViewFront.m in Sources */ = {isa = PBXBuildFile; fileRef = 097A85B21CFDDD510082FA05 /* CardViewFront.m */; };
		09E44EA61CDE255400101712 /* AppConstant.m in Sources */ = {isa = PBXBuildFile; fileRef = 09E44EA51CDE255400101712 /* AppConstant.m */; };
/* End PBXBuildFile section */

/* Begin PBXContainerItemProxy section */
		090DA0351CDE0EF90017D3F0 /* PBXContainerItemProxy */ = {
			isa = PBXContainerItemProxy;
			containerPortal = 090DA0131CDE0EF90017D3F0 /* Project object */;
			proxyType = 1;
			remoteGlobalIDString = 090DA01A1CDE0EF90017D3F0;
			remoteInfo = MusicWidgetAnimation;
		};
		090DA0401CDE0EF90017D3F0 /* PBXContainerItemProxy */ = {
			isa = PBXContainerItemProxy;
			containerPortal = 090DA0131CDE0EF90017D3F0 /* Project object */;
			proxyType = 1;
			remoteGlobalIDString = 090DA01A1CDE0EF90017D3F0;
			remoteInfo = MusicWidgetAnimation;
		};
/* End PBXContainerItemProxy section */

/* Begin PBXFileReference section */
		06CD0D1E06795034DD4A8289 /* Pods-MusicWidgetAnimation.release.xcconfig */ = {isa = PBXFileReference; includeInIndex = 1; lastKnownFileType = text.xcconfig; name = "Pods-MusicWidgetAnimation.release.xcconfig"; path = "Pods/Target Support Files/Pods-MusicWidgetAnimation/Pods-MusicWidgetAnimation.release.xcconfig"; sourceTree = "<group>"; };
		090DA01B1CDE0EF90017D3F0 /* MusicWidgetAnimation.app */ = {isa = PBXFileReference; explicitFileType = wrapper.application; includeInIndex = 0; path = MusicWidgetAnimation.app; sourceTree = BUILT_PRODUCTS_DIR; };
		090DA01F1CDE0EF90017D3F0 /* main.m */ = {isa = PBXFileReference; lastKnownFileType = sourcecode.c.objc; path = main.m; sourceTree = "<group>"; };
		090DA0211CDE0EF90017D3F0 /* AppDelegate.h */ = {isa = PBXFileReference; lastKnownFileType = sourcecode.c.h; path = AppDelegate.h; sourceTree = "<group>"; };
		090DA0221CDE0EF90017D3F0 /* AppDelegate.m */ = {isa = PBXFileReference; lastKnownFileType = sourcecode.c.objc; path = AppDelegate.m; sourceTree = "<group>"; };
		090DA0241CDE0EF90017D3F0 /* ViewController.h */ = {isa = PBXFileReference; lastKnownFileType = sourcecode.c.h; path = ViewController.h; sourceTree = "<group>"; };
		090DA0251CDE0EF90017D3F0 /* ViewController.m */ = {isa = PBXFileReference; lastKnownFileType = sourcecode.c.objc; path = ViewController.m; sourceTree = "<group>"; };
		090DA0281CDE0EF90017D3F0 /* Base */ = {isa = PBXFileReference; lastKnownFileType = file.storyboard; name = Base; path = Base.lproj/Main.storyboard; sourceTree = "<group>"; };
		090DA02A1CDE0EF90017D3F0 /* Assets.xcassets */ = {isa = PBXFileReference; lastKnownFileType = folder.assetcatalog; path = Assets.xcassets; sourceTree = "<group>"; };
		090DA02D1CDE0EF90017D3F0 /* Base */ = {isa = PBXFileReference; lastKnownFileType = file.storyboard; name = Base; path = Base.lproj/LaunchScreen.storyboard; sourceTree = "<group>"; };
		090DA02F1CDE0EF90017D3F0 /* Info.plist */ = {isa = PBXFileReference; lastKnownFileType = text.plist.xml; path = Info.plist; sourceTree = "<group>"; };
		090DA0341CDE0EF90017D3F0 /* MusicWidgetAnimationTests.xctest */ = {isa = PBXFileReference; explicitFileType = wrapper.cfbundle; includeInIndex = 0; path = MusicWidgetAnimationTests.xctest; sourceTree = BUILT_PRODUCTS_DIR; };
		090DA0381CDE0EF90017D3F0 /* MusicWidgetAnimationTests.m */ = {isa = PBXFileReference; lastKnownFileType = sourcecode.c.objc; path = MusicWidgetAnimationTests.m; sourceTree = "<group>"; };
		090DA03A1CDE0EF90017D3F0 /* Info.plist */ = {isa = PBXFileReference; lastKnownFileType = text.plist.xml; path = Info.plist; sourceTree = "<group>"; };
		090DA03F1CDE0EF90017D3F0 /* MusicWidgetAnimationUITests.xctest */ = {isa = PBXFileReference; explicitFileType = wrapper.cfbundle; includeInIndex = 0; path = MusicWidgetAnimationUITests.xctest; sourceTree = BUILT_PRODUCTS_DIR; };
		090DA0431CDE0EF90017D3F0 /* MusicWidgetAnimationUITests.m */ = {isa = PBXFileReference; lastKnownFileType = sourcecode.c.objc; path = MusicWidgetAnimationUITests.m; sourceTree = "<group>"; };
		090DA0451CDE0EF90017D3F0 /* Info.plist */ = {isa = PBXFileReference; lastKnownFileType = text.plist.xml; path = Info.plist; sourceTree = "<group>"; };
		090DA0541CDE13E90017D3F0 /* CardAnimationView.h */ = {isa = PBXFileReference; fileEncoding = 4; lastKnownFileType = sourcecode.c.h; path = CardAnimationView.h; sourceTree = "<group>"; };
		090DA0551CDE13E90017D3F0 /* CardAnimationView.m */ = {isa = PBXFileReference; fileEncoding = 4; lastKnownFileType = sourcecode.c.objc; path = CardAnimationView.m; sourceTree = "<group>"; };
		092CB0131CF9CD2900827977 /* CardViewCell.h */ = {isa = PBXFileReference; fileEncoding = 4; lastKnownFileType = sourcecode.c.h; path = CardViewCell.h; sourceTree = "<group>"; };
		092CB0141CF9CD2900827977 /* CardViewCell.m */ = {isa = PBXFileReference; fileEncoding = 4; lastKnownFileType = sourcecode.c.objc; path = CardViewCell.m; sourceTree = "<group>"; };
		093F4A941CE4A49C00DE4875 /* CardViewBack.h */ = {isa = PBXFileReference; fileEncoding = 4; lastKnownFileType = sourcecode.c.h; path = CardViewBack.h; sourceTree = "<group>"; };
		093F4A951CE4A49C00DE4875 /* CardViewBack.m */ = {isa = PBXFileReference; fileEncoding = 4; lastKnownFileType = sourcecode.c.objc; path = CardViewBack.m; sourceTree = "<group>"; };
		097A85AE1CFDD7D10082FA05 /* MyCardView.h */ = {isa = PBXFileReference; fileEncoding = 4; lastKnownFileType = sourcecode.c.h; path = MyCardView.h; sourceTree = "<group>"; };
		097A85AF1CFDD7D10082FA05 /* MyCardView.m */ = {isa = PBXFileReference; fileEncoding = 4; lastKnownFileType = sourcecode.c.objc; path = MyCardView.m; sourceTree = "<group>"; };
		097A85B11CFDDD510082FA05 /* CardViewFront.h */ = {isa = PBXFileReference; fileEncoding = 4; lastKnownFileType = sourcecode.c.h; path = CardViewFront.h; sourceTree = "<group>"; };
		097A85B21CFDDD510082FA05 /* CardViewFront.m */ = {isa = PBXFileReference; fileEncoding = 4; lastKnownFileType = sourcecode.c.objc; path = CardViewFront.m; sourceTree = "<group>"; };
		09E44EA31CDE1B4F00101712 /* PrefixHeader.pch */ = {isa = PBXFileReference; lastKnownFileType = sourcecode.c.h; path = PrefixHeader.pch; sourceTree = "<group>"; };
		09E44EA41CDE255400101712 /* AppConstant.h */ = {isa = PBXFileReference; fileEncoding = 4; lastKnownFileType = sourcecode.c.h; path = AppConstant.h; sourceTree = "<group>"; };
		09E44EA51CDE255400101712 /* AppConstant.m */ = {isa = PBXFileReference; fileEncoding = 4; lastKnownFileType = sourcecode.c.objc; path = AppConstant.m; sourceTree = "<group>"; };
		0A112AC034950FC001497B73 /* libPods-MusicWidgetAnimation.a */ = {isa = PBXFileReference; explicitFileType = archive.ar; includeInIndex = 0; path = "libPods-MusicWidgetAnimation.a"; sourceTree = BUILT_PRODUCTS_DIR; };
		C1E2EDE732BD34BE61BDBA66 /* Pods-MusicWidgetAnimation.debug.xcconfig */ = {isa = PBXFileReference; includeInIndex = 1; lastKnownFileType = text.xcconfig; name = "Pods-MusicWidgetAnimation.debug.xcconfig"; path = "Pods/Target Support Files/Pods-MusicWidgetAnimation/Pods-MusicWidgetAnimation.debug.xcconfig"; sourceTree = "<group>"; };
/* End PBXFileReference section */

/* Begin PBXFrameworksBuildPhase section */
		090DA0181CDE0EF90017D3F0 /* Frameworks */ = {
			isa = PBXFrameworksBuildPhase;
			buildActionMask = 2147483647;
			files = (
				049DCF99E5C532A672904891 /* libPods-MusicWidgetAnimation.a in Frameworks */,
			);
			runOnlyForDeploymentPostprocessing = 0;
		};
		090DA0311CDE0EF90017D3F0 /* Frameworks */ = {
			isa = PBXFrameworksBuildPhase;
			buildActionMask = 2147483647;
			files = (
			);
			runOnlyForDeploymentPostprocessing = 0;
		};
		090DA03C1CDE0EF90017D3F0 /* Frameworks */ = {
			isa = PBXFrameworksBuildPhase;
			buildActionMask = 2147483647;
			files = (
			);
			runOnlyForDeploymentPostprocessing = 0;
		};
/* End PBXFrameworksBuildPhase section */

/* Begin PBXGroup section */
		090DA0121CDE0EF90017D3F0 = {
			isa = PBXGroup;
			children = (
				090DA01D1CDE0EF90017D3F0 /* MusicWidgetAnimation */,
				090DA0371CDE0EF90017D3F0 /* MusicWidgetAnimationTests */,
				090DA0421CDE0EF90017D3F0 /* MusicWidgetAnimationUITests */,
				090DA01C1CDE0EF90017D3F0 /* Products */,
				DB8B218B57954EBA283CDB36 /* Pods */,
				E137A60E52A4EDF152334759 /* Frameworks */,
			);
			sourceTree = "<group>";
		};
		090DA01C1CDE0EF90017D3F0 /* Products */ = {
			isa = PBXGroup;
			children = (
				090DA01B1CDE0EF90017D3F0 /* MusicWidgetAnimation.app */,
				090DA0341CDE0EF90017D3F0 /* MusicWidgetAnimationTests.xctest */,
				090DA03F1CDE0EF90017D3F0 /* MusicWidgetAnimationUITests.xctest */,
			);
			name = Products;
			sourceTree = "<group>";
		};
		090DA01D1CDE0EF90017D3F0 /* MusicWidgetAnimation */ = {
			isa = PBXGroup;
			children = (
				092CB0161CFA055C00827977 /* CardAnimationView */,
				090DA0211CDE0EF90017D3F0 /* AppDelegate.h */,
				090DA0221CDE0EF90017D3F0 /* AppDelegate.m */,
				090DA0241CDE0EF90017D3F0 /* ViewController.h */,
				090DA0251CDE0EF90017D3F0 /* ViewController.m */,
				097A85AE1CFDD7D10082FA05 /* MyCardView.h */,
				097A85AF1CFDD7D10082FA05 /* MyCardView.m */,
				097A85B11CFDDD510082FA05 /* CardViewFront.h */,
				097A85B21CFDDD510082FA05 /* CardViewFront.m */,
				093F4A941CE4A49C00DE4875 /* CardViewBack.h */,
				093F4A951CE4A49C00DE4875 /* CardViewBack.m */,
				09E44EA41CDE255400101712 /* AppConstant.h */,
				09E44EA51CDE255400101712 /* AppConstant.m */,
				09E44EA31CDE1B4F00101712 /* PrefixHeader.pch */,
				090DA0271CDE0EF90017D3F0 /* Main.storyboard */,
				090DA02A1CDE0EF90017D3F0 /* Assets.xcassets */,
				090DA02C1CDE0EF90017D3F0 /* LaunchScreen.storyboard */,
				090DA02F1CDE0EF90017D3F0 /* Info.plist */,
				090DA01E1CDE0EF90017D3F0 /* Supporting Files */,
			);
			path = MusicWidgetAnimation;
			sourceTree = "<group>";
		};
		090DA01E1CDE0EF90017D3F0 /* Supporting Files */ = {
			isa = PBXGroup;
			children = (
				090DA01F1CDE0EF90017D3F0 /* main.m */,
			);
			name = "Supporting Files";
			sourceTree = "<group>";
		};
		090DA0371CDE0EF90017D3F0 /* MusicWidgetAnimationTests */ = {
			isa = PBXGroup;
			children = (
				090DA0381CDE0EF90017D3F0 /* MusicWidgetAnimationTests.m */,
				090DA03A1CDE0EF90017D3F0 /* Info.plist */,
			);
			path = MusicWidgetAnimationTests;
			sourceTree = "<group>";
		};
		090DA0421CDE0EF90017D3F0 /* MusicWidgetAnimationUITests */ = {
			isa = PBXGroup;
			children = (
				090DA0431CDE0EF90017D3F0 /* MusicWidgetAnimationUITests.m */,
				090DA0451CDE0EF90017D3F0 /* Info.plist */,
			);
			path = MusicWidgetAnimationUITests;
			sourceTree = "<group>";
		};
		092CB0161CFA055C00827977 /* CardAnimationView */ = {
			isa = PBXGroup;
			children = (
				090DA0541CDE13E90017D3F0 /* CardAnimationView.h */,
				090DA0551CDE13E90017D3F0 /* CardAnimationView.m */,
				092CB0131CF9CD2900827977 /* CardViewCell.h */,
				092CB0141CF9CD2900827977 /* CardViewCell.m */,
			);
			name = CardAnimationView;
			sourceTree = "<group>";
		};
		DB8B218B57954EBA283CDB36 /* Pods */ = {
			isa = PBXGroup;
			children = (
				C1E2EDE732BD34BE61BDBA66 /* Pods-MusicWidgetAnimation.debug.xcconfig */,
				06CD0D1E06795034DD4A8289 /* Pods-MusicWidgetAnimation.release.xcconfig */,
			);
			name = Pods;
			sourceTree = "<group>";
		};
		E137A60E52A4EDF152334759 /* Frameworks */ = {
			isa = PBXGroup;
			children = (
				0A112AC034950FC001497B73 /* libPods-MusicWidgetAnimation.a */,
			);
			name = Frameworks;
			sourceTree = "<group>";
		};
/* End PBXGroup section */

/* Begin PBXNativeTarget section */
		090DA01A1CDE0EF90017D3F0 /* MusicWidgetAnimation */ = {
			isa = PBXNativeTarget;
			buildConfigurationList = 090DA0481CDE0EF90017D3F0 /* Build configuration list for PBXNativeTarget "MusicWidgetAnimation" */;
			buildPhases = (
				1C4B343F2F6E6D16A4BF13C0 /* Check Pods Manifest.lock */,
				090DA0171CDE0EF90017D3F0 /* Sources */,
				090DA0181CDE0EF90017D3F0 /* Frameworks */,
				090DA0191CDE0EF90017D3F0 /* Resources */,
				9C27D4B24A9AFCBEAB8CD32C /* Embed Pods Frameworks */,
				5EBF1131A105B5343A241C94 /* Copy Pods Resources */,
			);
			buildRules = (
			);
			dependencies = (
			);
			name = MusicWidgetAnimation;
			productName = MusicWidgetAnimation;
			productReference = 090DA01B1CDE0EF90017D3F0 /* MusicWidgetAnimation.app */;
			productType = "com.apple.product-type.application";
		};
		090DA0331CDE0EF90017D3F0 /* MusicWidgetAnimationTests */ = {
			isa = PBXNativeTarget;
			buildConfigurationList = 090DA04B1CDE0EF90017D3F0 /* Build configuration list for PBXNativeTarget "MusicWidgetAnimationTests" */;
			buildPhases = (
				090DA0301CDE0EF90017D3F0 /* Sources */,
				090DA0311CDE0EF90017D3F0 /* Frameworks */,
				090DA0321CDE0EF90017D3F0 /* Resources */,
			);
			buildRules = (
			);
			dependencies = (
				090DA0361CDE0EF90017D3F0 /* PBXTargetDependency */,
			);
			name = MusicWidgetAnimationTests;
			productName = MusicWidgetAnimationTests;
			productReference = 090DA0341CDE0EF90017D3F0 /* MusicWidgetAnimationTests.xctest */;
			productType = "com.apple.product-type.bundle.unit-test";
		};
		090DA03E1CDE0EF90017D3F0 /* MusicWidgetAnimationUITests */ = {
			isa = PBXNativeTarget;
			buildConfigurationList = 090DA04E1CDE0EF90017D3F0 /* Build configuration list for PBXNativeTarget "MusicWidgetAnimationUITests" */;
			buildPhases = (
				090DA03B1CDE0EF90017D3F0 /* Sources */,
				090DA03C1CDE0EF90017D3F0 /* Frameworks */,
				090DA03D1CDE0EF90017D3F0 /* Resources */,
			);
			buildRules = (
			);
			dependencies = (
				090DA0411CDE0EF90017D3F0 /* PBXTargetDependency */,
			);
			name = MusicWidgetAnimationUITests;
			productName = MusicWidgetAnimationUITests;
			productReference = 090DA03F1CDE0EF90017D3F0 /* MusicWidgetAnimationUITests.xctest */;
			productType = "com.apple.product-type.bundle.ui-testing";
		};
/* End PBXNativeTarget section */

/* Begin PBXProject section */
		090DA0131CDE0EF90017D3F0 /* Project object */ = {
			isa = PBXProject;
			attributes = {
				LastUpgradeCheck = 0730;
				ORGANIZATIONNAME = Bear;
				TargetAttributes = {
					090DA01A1CDE0EF90017D3F0 = {
						CreatedOnToolsVersion = 7.3;
						DevelopmentTeam = VT6HKJNGDV;
					};
					090DA0331CDE0EF90017D3F0 = {
						CreatedOnToolsVersion = 7.3;
						DevelopmentTeam = VT6HKJNGDV;
						TestTargetID = 090DA01A1CDE0EF90017D3F0;
					};
					090DA03E1CDE0EF90017D3F0 = {
						CreatedOnToolsVersion = 7.3;
						DevelopmentTeam = VT6HKJNGDV;
						TestTargetID = 090DA01A1CDE0EF90017D3F0;
					};
				};
			};
			buildConfigurationList = 090DA0161CDE0EF90017D3F0 /* Build configuration list for PBXProject "MusicWidgetAnimation" */;
			compatibilityVersion = "Xcode 3.2";
			developmentRegion = English;
			hasScannedForEncodings = 0;
			knownRegions = (
				en,
				Base,
			);
			mainGroup = 090DA0121CDE0EF90017D3F0;
			productRefGroup = 090DA01C1CDE0EF90017D3F0 /* Products */;
			projectDirPath = "";
			projectRoot = "";
			targets = (
				090DA01A1CDE0EF90017D3F0 /* MusicWidgetAnimation */,
				090DA0331CDE0EF90017D3F0 /* MusicWidgetAnimationTests */,
				090DA03E1CDE0EF90017D3F0 /* MusicWidgetAnimationUITests */,
			);
		};
/* End PBXProject section */

/* Begin PBXResourcesBuildPhase section */
		090DA0191CDE0EF90017D3F0 /* Resources */ = {
			isa = PBXResourcesBuildPhase;
			buildActionMask = 2147483647;
			files = (
				090DA02E1CDE0EF90017D3F0 /* LaunchScreen.storyboard in Resources */,
				090DA02B1CDE0EF90017D3F0 /* Assets.xcassets in Resources */,
				090DA0291CDE0EF90017D3F0 /* Main.storyboard in Resources */,
			);
			runOnlyForDeploymentPostprocessing = 0;
		};
		090DA0321CDE0EF90017D3F0 /* Resources */ = {
			isa = PBXResourcesBuildPhase;
			buildActionMask = 2147483647;
			files = (
			);
			runOnlyForDeploymentPostprocessing = 0;
		};
		090DA03D1CDE0EF90017D3F0 /* Resources */ = {
			isa = PBXResourcesBuildPhase;
			buildActionMask = 2147483647;
			files = (
			);
			runOnlyForDeploymentPostprocessing = 0;
		};
/* End PBXResourcesBuildPhase section */

/* Begin PBXShellScriptBuildPhase section */
		1C4B343F2F6E6D16A4BF13C0 /* Check Pods Manifest.lock */ = {
			isa = PBXShellScriptBuildPhase;
			buildActionMask = 2147483647;
			files = (
			);
			inputPaths = (
			);
			name = "Check Pods Manifest.lock";
			outputPaths = (
			);
			runOnlyForDeploymentPostprocessing = 0;
			shellPath = /bin/sh;
			shellScript = "diff \"${PODS_ROOT}/../Podfile.lock\" \"${PODS_ROOT}/Manifest.lock\" > /dev/null\nif [[ $? != 0 ]] ; then\n    cat << EOM\nerror: The sandbox is not in sync with the Podfile.lock. Run 'pod install' or update your CocoaPods installation.\nEOM\n    exit 1\nfi\n";
			showEnvVarsInLog = 0;
		};
		5EBF1131A105B5343A241C94 /* Copy Pods Resources */ = {
			isa = PBXShellScriptBuildPhase;
			buildActionMask = 2147483647;
			files = (
			);
			inputPaths = (
			);
			name = "Copy Pods Resources";
			outputPaths = (
			);
			runOnlyForDeploymentPostprocessing = 0;
			shellPath = /bin/sh;
			shellScript = "\"${SRCROOT}/Pods/Target Support Files/Pods-MusicWidgetAnimation/Pods-MusicWidgetAnimation-resources.sh\"\n";
			showEnvVarsInLog = 0;
		};
		9C27D4B24A9AFCBEAB8CD32C /* Embed Pods Frameworks */ = {
			isa = PBXShellScriptBuildPhase;
			buildActionMask = 2147483647;
			files = (
			);
			inputPaths = (
			);
			name = "Embed Pods Frameworks";
			outputPaths = (
			);
			runOnlyForDeploymentPostprocessing = 0;
			shellPath = /bin/sh;
			shellScript = "\"${SRCROOT}/Pods/Target Support Files/Pods-MusicWidgetAnimation/Pods-MusicWidgetAnimation-frameworks.sh\"\n";
			showEnvVarsInLog = 0;
		};
/* End PBXShellScriptBuildPhase section */

/* Begin PBXSourcesBuildPhase section */
		090DA0171CDE0EF90017D3F0 /* Sources */ = {
			isa = PBXSourcesBuildPhase;
			buildActionMask = 2147483647;
			files = (
				090DA0561CDE13E90017D3F0 /* CardAnimationView.m in Sources */,
				093F4A961CE4A49D00DE4875 /* CardViewBack.m in Sources */,
				097A85B01CFDD7D10082FA05 /* MyCardView.m in Sources */,
				090DA0261CDE0EF90017D3F0 /* ViewController.m in Sources */,
				097A85B31CFDDD510082FA05 /* CardViewFront.m in Sources */,
				090DA0231CDE0EF90017D3F0 /* AppDelegate.m in Sources */,
				090DA0201CDE0EF90017D3F0 /* main.m in Sources */,
				092CB0151CF9CD2900827977 /* CardViewCell.m in Sources */,
				09E44EA61CDE255400101712 /* AppConstant.m in Sources */,
			);
			runOnlyForDeploymentPostprocessing = 0;
		};
		090DA0301CDE0EF90017D3F0 /* Sources */ = {
			isa = PBXSourcesBuildPhase;
			buildActionMask = 2147483647;
			files = (
				090DA0391CDE0EF90017D3F0 /* MusicWidgetAnimationTests.m in Sources */,
			);
			runOnlyForDeploymentPostprocessing = 0;
		};
		090DA03B1CDE0EF90017D3F0 /* Sources */ = {
			isa = PBXSourcesBuildPhase;
			buildActionMask = 2147483647;
			files = (
				090DA0441CDE0EF90017D3F0 /* MusicWidgetAnimationUITests.m in Sources */,
			);
			runOnlyForDeploymentPostprocessing = 0;
		};
/* End PBXSourcesBuildPhase section */

/* Begin PBXTargetDependency section */
		090DA0361CDE0EF90017D3F0 /* PBXTargetDependency */ = {
			isa = PBXTargetDependency;
			target = 090DA01A1CDE0EF90017D3F0 /* MusicWidgetAnimation */;
			targetProxy = 090DA0351CDE0EF90017D3F0 /* PBXContainerItemProxy */;
		};
		090DA0411CDE0EF90017D3F0 /* PBXTargetDependency */ = {
			isa = PBXTargetDependency;
			target = 090DA01A1CDE0EF90017D3F0 /* MusicWidgetAnimation */;
			targetProxy = 090DA0401CDE0EF90017D3F0 /* PBXContainerItemProxy */;
		};
/* End PBXTargetDependency section */

/* Begin PBXVariantGroup section */
		090DA0271CDE0EF90017D3F0 /* Main.storyboard */ = {
			isa = PBXVariantGroup;
			children = (
				090DA0281CDE0EF90017D3F0 /* Base */,
			);
			name = Main.storyboard;
			sourceTree = "<group>";
		};
		090DA02C1CDE0EF90017D3F0 /* LaunchScreen.storyboard */ = {
			isa = PBXVariantGroup;
			children = (
				090DA02D1CDE0EF90017D3F0 /* Base */,
			);
			name = LaunchScreen.storyboard;
			sourceTree = "<group>";
		};
/* End PBXVariantGroup section */

/* Begin XCBuildConfiguration section */
		090DA0461CDE0EF90017D3F0 /* Debug */ = {
			isa = XCBuildConfiguration;
			buildSettings = {
				ALWAYS_SEARCH_USER_PATHS = NO;
				CLANG_ANALYZER_NONNULL = YES;
				CLANG_CXX_LANGUAGE_STANDARD = "gnu++0x";
				CLANG_CXX_LIBRARY = "libc++";
				CLANG_ENABLE_MODULES = YES;
				CLANG_ENABLE_OBJC_ARC = YES;
				CLANG_WARN_BOOL_CONVERSION = YES;
				CLANG_WARN_CONSTANT_CONVERSION = YES;
				CLANG_WARN_DIRECT_OBJC_ISA_USAGE = YES_ERROR;
				CLANG_WARN_EMPTY_BODY = YES;
				CLANG_WARN_ENUM_CONVERSION = YES;
				CLANG_WARN_INT_CONVERSION = YES;
				CLANG_WARN_OBJC_ROOT_CLASS = YES_ERROR;
				CLANG_WARN_UNREACHABLE_CODE = YES;
				CLANG_WARN__DUPLICATE_METHOD_MATCH = YES;
				"CODE_SIGN_IDENTITY[sdk=iphoneos*]" = "iPhone Developer";
				COPY_PHASE_STRIP = NO;
				DEBUG_INFORMATION_FORMAT = dwarf;
				ENABLE_STRICT_OBJC_MSGSEND = YES;
				ENABLE_TESTABILITY = YES;
				GCC_C_LANGUAGE_STANDARD = gnu99;
				GCC_DYNAMIC_NO_PIC = NO;
				GCC_NO_COMMON_BLOCKS = YES;
				GCC_OPTIMIZATION_LEVEL = 0;
				GCC_PREPROCESSOR_DEFINITIONS = (
					"DEBUG=1",
					"$(inherited)",
				);
				GCC_WARN_64_TO_32_BIT_CONVERSION = YES;
				GCC_WARN_ABOUT_RETURN_TYPE = YES_ERROR;
				GCC_WARN_UNDECLARED_SELECTOR = YES;
				GCC_WARN_UNINITIALIZED_AUTOS = YES_AGGRESSIVE;
				GCC_WARN_UNUSED_FUNCTION = YES;
				GCC_WARN_UNUSED_VARIABLE = YES;
				IPHONEOS_DEPLOYMENT_TARGET = 9.3;
				MTL_ENABLE_DEBUG_INFO = YES;
				ONLY_ACTIVE_ARCH = YES;
				SDKROOT = iphoneos;
				TARGETED_DEVICE_FAMILY = "1,2";
			};
			name = Debug;
		};
		090DA0471CDE0EF90017D3F0 /* Release */ = {
			isa = XCBuildConfiguration;
			buildSettings = {
				ALWAYS_SEARCH_USER_PATHS = NO;
				CLANG_ANALYZER_NONNULL = YES;
				CLANG_CXX_LANGUAGE_STANDARD = "gnu++0x";
				CLANG_CXX_LIBRARY = "libc++";
				CLANG_ENABLE_MODULES = YES;
				CLANG_ENABLE_OBJC_ARC = YES;
				CLANG_WARN_BOOL_CONVERSION = YES;
				CLANG_WARN_CONSTANT_CONVERSION = YES;
				CLANG_WARN_DIRECT_OBJC_ISA_USAGE = YES_ERROR;
				CLANG_WARN_EMPTY_BODY = YES;
				CLANG_WARN_ENUM_CONVERSION = YES;
				CLANG_WARN_INT_CONVERSION = YES;
				CLANG_WARN_OBJC_ROOT_CLASS = YES_ERROR;
				CLANG_WARN_UNREACHABLE_CODE = YES;
				CLANG_WARN__DUPLICATE_METHOD_MATCH = YES;
				"CODE_SIGN_IDENTITY[sdk=iphoneos*]" = "iPhone Developer";
				COPY_PHASE_STRIP = NO;
				DEBUG_INFORMATION_FORMAT = "dwarf-with-dsym";
				ENABLE_NS_ASSERTIONS = NO;
				ENABLE_STRICT_OBJC_MSGSEND = YES;
				GCC_C_LANGUAGE_STANDARD = gnu99;
				GCC_NO_COMMON_BLOCKS = YES;
				GCC_WARN_64_TO_32_BIT_CONVERSION = YES;
				GCC_WARN_ABOUT_RETURN_TYPE = YES_ERROR;
				GCC_WARN_UNDECLARED_SELECTOR = YES;
				GCC_WARN_UNINITIALIZED_AUTOS = YES_AGGRESSIVE;
				GCC_WARN_UNUSED_FUNCTION = YES;
				GCC_WARN_UNUSED_VARIABLE = YES;
				IPHONEOS_DEPLOYMENT_TARGET = 9.3;
				MTL_ENABLE_DEBUG_INFO = NO;
				SDKROOT = iphoneos;
				TARGETED_DEVICE_FAMILY = "1,2";
				VALIDATE_PRODUCT = YES;
			};
			name = Release;
		};
		090DA0491CDE0EF90017D3F0 /* Debug */ = {
			isa = XCBuildConfiguration;
			baseConfigurationReference = C1E2EDE732BD34BE61BDBA66 /* Pods-MusicWidgetAnimation.debug.xcconfig */;
			buildSettings = {
				ASSETCATALOG_COMPILER_APPICON_NAME = AppIcon;
				CODE_SIGN_IDENTITY = "iPhone Developer";
				"CODE_SIGN_IDENTITY[sdk=iphoneos*]" = "iPhone Developer";
				GCC_PREFIX_HEADER = "$(SRCROOT)/MusicWidgetAnimation/PrefixHeader.pch";
				INFOPLIST_FILE = MusicWidgetAnimation/Info.plist;
				IPHONEOS_DEPLOYMENT_TARGET = 7.0;
				LD_RUNPATH_SEARCH_PATHS = "$(inherited) @executable_path/Frameworks";
				PRODUCT_BUNDLE_IDENTIFIER = "com.yuntu.text.BearSkillDemo-xr";
				PRODUCT_NAME = "$(TARGET_NAME)";
				PROVISIONING_PROFILE = "";
				TARGETED_DEVICE_FAMILY = 1;
			};
			name = Debug;
		};
		090DA04A1CDE0EF90017D3F0 /* Release */ = {
			isa = XCBuildConfiguration;
			baseConfigurationReference = 06CD0D1E06795034DD4A8289 /* Pods-MusicWidgetAnimation.release.xcconfig */;
			buildSettings = {
				ASSETCATALOG_COMPILER_APPICON_NAME = AppIcon;
				CODE_SIGN_IDENTITY = "iPhone Developer";
				"CODE_SIGN_IDENTITY[sdk=iphoneos*]" = "iPhone Developer";
				GCC_PREFIX_HEADER = "$(SRCROOT)/MusicWidgetAnimation/PrefixHeader.pch";
				INFOPLIST_FILE = MusicWidgetAnimation/Info.plist;
				IPHONEOS_DEPLOYMENT_TARGET = 7.0;
				LD_RUNPATH_SEARCH_PATHS = "$(inherited) @executable_path/Frameworks";
				PRODUCT_BUNDLE_IDENTIFIER = "com.yuntu.text.BearSkillDemo-xr";
				PRODUCT_NAME = "$(TARGET_NAME)";
				PROVISIONING_PROFILE = "";
				TARGETED_DEVICE_FAMILY = 1;
			};
			name = Release;
		};
		090DA04C1CDE0EF90017D3F0 /* Debug */ = {
			isa = XCBuildConfiguration;
			buildSettings = {
				BUNDLE_LOADER = "$(TEST_HOST)";
				INFOPLIST_FILE = MusicWidgetAnimationTests/Info.plist;
				LD_RUNPATH_SEARCH_PATHS = "$(inherited) @executable_path/Frameworks @loader_path/Frameworks";
				PRODUCT_BUNDLE_IDENTIFIER = BearWorkSpace.MusicWidgetAnimationTests;
				PRODUCT_NAME = "$(TARGET_NAME)";
				TEST_HOST = "$(BUILT_PRODUCTS_DIR)/MusicWidgetAnimation.app/MusicWidgetAnimation";
			};
			name = Debug;
		};
		090DA04D1CDE0EF90017D3F0 /* Release */ = {
			isa = XCBuildConfiguration;
			buildSettings = {
				BUNDLE_LOADER = "$(TEST_HOST)";
				INFOPLIST_FILE = MusicWidgetAnimationTests/Info.plist;
				LD_RUNPATH_SEARCH_PATHS = "$(inherited) @executable_path/Frameworks @loader_path/Frameworks";
				PRODUCT_BUNDLE_IDENTIFIER = BearWorkSpace.MusicWidgetAnimationTests;
				PRODUCT_NAME = "$(TARGET_NAME)";
				TEST_HOST = "$(BUILT_PRODUCTS_DIR)/MusicWidgetAnimation.app/MusicWidgetAnimation";
			};
			name = Release;
		};
		090DA04F1CDE0EF90017D3F0 /* Debug */ = {
			isa = XCBuildConfiguration;
			buildSettings = {
				INFOPLIST_FILE = MusicWidgetAnimationUITests/Info.plist;
				LD_RUNPATH_SEARCH_PATHS = "$(inherited) @executable_path/Frameworks @loader_path/Frameworks";
				PRODUCT_BUNDLE_IDENTIFIER = BearWorkSpace.MusicWidgetAnimationUITests;
				PRODUCT_NAME = "$(TARGET_NAME)";
				TEST_TARGET_NAME = MusicWidgetAnimation;
			};
			name = Debug;
		};
		090DA0501CDE0EF90017D3F0 /* Release */ = {
			isa = XCBuildConfiguration;
			buildSettings = {
				INFOPLIST_FILE = MusicWidgetAnimationUITests/Info.plist;
				LD_RUNPATH_SEARCH_PATHS = "$(inherited) @executable_path/Frameworks @loader_path/Frameworks";
				PRODUCT_BUNDLE_IDENTIFIER = BearWorkSpace.MusicWidgetAnimationUITests;
				PRODUCT_NAME = "$(TARGET_NAME)";
				TEST_TARGET_NAME = MusicWidgetAnimation;
			};
			name = Release;
		};
/* End XCBuildConfiguration section */

/* Begin XCConfigurationList section */
		090DA0161CDE0EF90017D3F0 /* Build configuration list for PBXProject "MusicWidgetAnimation" */ = {
			isa = XCConfigurationList;
			buildConfigurations = (
				090DA0461CDE0EF90017D3F0 /* Debug */,
				090DA0471CDE0EF90017D3F0 /* Release */,
			);
			defaultConfigurationIsVisible = 0;
			defaultConfigurationName = Release;
		};
		090DA0481CDE0EF90017D3F0 /* Build configuration list for PBXNativeTarget "MusicWidgetAnimation" */ = {
			isa = XCConfigurationList;
			buildConfigurations = (
				090DA0491CDE0EF90017D3F0 /* Debug */,
				090DA04A1CDE0EF90017D3F0 /* Release */,
			);
			defaultConfigurationIsVisible = 0;
			defaultConfigurationName = Release;
		};
		090DA04B1CDE0EF90017D3F0 /* Build configuration list for PBXNativeTarget "MusicWidgetAnimationTests" */ = {
			isa = XCConfigurationList;
			buildConfigurations = (
				090DA04C1CDE0EF90017D3F0 /* Debug */,
				090DA04D1CDE0EF90017D3F0 /* Release */,
			);
			defaultConfigurationIsVisible = 0;
			defaultConfigurationName = Release;
		};
		090DA04E1CDE0EF90017D3F0 /* Build configuration list for PBXNativeTarget "MusicWidgetAnimationUITests" */ = {
			isa = XCConfigurationList;
			buildConfigurations = (
				090DA04F1CDE0EF90017D3F0 /* Debug */,
				090DA0501CDE0EF90017D3F0 /* Release */,
			);
			defaultConfigurationIsVisible = 0;
			defaultConfigurationName = Release;
		};
/* End XCConfigurationList section */
	};
	rootObject = 090DA0131CDE0EF90017D3F0 /* Project object */;
}
